<?xml version="1.0" encoding="utf-8"?>
<Project ToolsVersion="4.0" xmlns="http://schemas.microsoft.com/developer/msbuild/2003">
  <ItemGroup>
    <Filter Include="Source Files">
      <UniqueIdentifier>{4FC737F1-C7A5-4376-A066-2A32D752A2FF}</UniqueIdentifier>
      <Extensions>cpp;c;cc;cxx;def;odl;idl;hpj;bat;asm;asmx</Extensions>
    </Filter>
    <Filter Include="Source Files\Engine">
      <UniqueIdentifier>{4c521d36-b933-4349-8687-1b507ca5e20f}</UniqueIdentifier>
    </Filter>
    <Filter Include="Source Files\Game">
      <UniqueIdentifier>{6a19ec6d-dddf-4a96-a98e-e64f8689fe5f}</UniqueIdentifier>
    </Filter>
    <Filter Include="Header Files">
      <UniqueIdentifier>{93995380-89BD-4b04-88EB-625FBE52EBFB}</UniqueIdentifier>
      <Extensions>h;hpp;hxx;hm;inl;inc;xsd</Extensions>
    </Filter>
    <Filter Include="Header Files\Engine">
      <UniqueIdentifier>{359396a6-2ea2-48ca-87e8-a70db22d0850}</UniqueIdentifier>
    </Filter>
    <Filter Include="Header Files\Game">
      <UniqueIdentifier>{6d8f438b-6605-40e3-9238-2606b6ea9dd0}</UniqueIdentifier>
    </Filter>
  </ItemGroup>
  <ItemGroup>
    <ClCompile Include="Main.cpp">
      <Filter>Source Files</Filter>
    </ClCompile>
    <ClCompile Include="stdafx.cpp">
      <Filter>Source Files</Filter>
    </ClCompile>
    <ClCompile Include="gameenginewin32.cpp">
      <Filter>Source Files\Engine</Filter>
    </ClCompile>
    <ClCompile Include="VectorEntity.cpp">
      <Filter>Source Files\Engine</Filter>
    </ClCompile>
    <ClCompile Include="BaseMenu.cpp">
      <Filter>Source Files\Game</Filter>
    </ClCompile>
    <ClCompile Include="clanchatroom.cpp">
      <Filter>Source Files\Game</Filter>
    </ClCompile>
    <ClCompile Include="connectingmenu.cpp">
      <Filter>Source Files\Game</Filter>
    </ClCompile>
    <ClCompile Include="Friends.cpp">
      <Filter>Source Files\Game</Filter>
    </ClCompile>
    <ClCompile Include="htmlsurface.cpp">
      <Filter>Source Files\Game</Filter>
    </ClCompile>
    <ClCompile Include="Inventory.cpp">
      <Filter>Source Files\Game</Filter>
    </ClCompile>
    <ClCompile Include="Leaderboards.cpp">
      <Filter>Source Files\Game</Filter>
    </ClCompile>
    <ClCompile Include="Lobby.cpp">
      <Filter>Source Files\Game</Filter>
    </ClCompile>
    <ClCompile Include="MainMenu.cpp">
      <Filter>Source Files\Game</Filter>
    </ClCompile>
    <ClCompile Include="musicplayer.cpp">
      <Filter>Source Files\Game</Filter>
    </ClCompile>
    <ClCompile Include="p2pauth.cpp">
      <Filter>Source Files\Game</Filter>
    </ClCompile>
    <ClCompile Include="PhotonBeam.cpp">
      <Filter>Source Files\Game</Filter>
    </ClCompile>
    <ClCompile Include="QuitMenu.cpp">
      <Filter>Source Files\Game</Filter>
    </ClCompile>
    <ClCompile Include="RemotePlay.cpp">
      <Filter>Source Files\Game</Filter>
    </ClCompile>
    <ClCompile Include="RemoteStorage.cpp">
      <Filter>Source Files\Game</Filter>
    </ClCompile>
    <ClCompile Include="ServerBrowser.cpp">
      <Filter>Source Files\Game</Filter>
    </ClCompile>
    <ClCompile Include="Ship.cpp">
      <Filter>Source Files\Game</Filter>
    </ClCompile>
    <ClCompile Include="SpaceWarClient.cpp">
      <Filter>Source Files\Game</Filter>
    </ClCompile>
    <ClCompile Include="SpaceWarEntity.cpp">
      <Filter>Source Files\Game</Filter>
    </ClCompile>
    <ClCompile Include="SpaceWarServer.cpp">
      <Filter>Source Files\Game</Filter>
    </ClCompile>
    <ClCompile Include="StarField.cpp">
      <Filter>Source Files\Game</Filter>
    </ClCompile>
    <ClCompile Include="StatsAndAchievements.cpp">
      <Filter>Source Files\Game</Filter>
    </ClCompile>
    <ClCompile Include="Sun.cpp">
      <Filter>Source Files\Game</Filter>
    </ClCompile>
    <ClCompile Include="voicechat.cpp">
      <Filter>Source Files\Game</Filter>
    </ClCompile>
    <ClCompile Include="ItemStore.cpp">
      <Filter>Source Files\Game</Filter>
    </ClCompile>
  </ItemGroup>
  <ItemGroup>
    <ClInclude Include="stdafx.h">
      <Filter>Header Files</Filter>
    </ClInclude>
    <ClInclude Include="GameEngine.h">
      <Filter>Header Files\Engine</Filter>
    </ClInclude>
    <ClInclude Include="gameenginewin32.h">
      <Filter>Header Files\Engine</Filter>
    </ClInclude>
    <ClInclude Include="VectorEntity.h">
      <Filter>Header Files\Engine</Filter>
    </ClInclude>
    <ClInclude Include="BaseMenu.h">
      <Filter>Header Files\Game</Filter>
    </ClInclude>
    <ClInclude Include="clanchatroom.h">
      <Filter>Header Files\Game</Filter>
    </ClInclude>
    <ClInclude Include="connectingmenu.h">
      <Filter>Header Files\Game</Filter>
    </ClInclude>
    <ClInclude Include="Friends.h">
      <Filter>Header Files\Game</Filter>
    </ClInclude>
    <ClInclude Include="htmlsurface.h">
      <Filter>Header Files\Game</Filter>
    </ClInclude>
    <ClInclude Include="Inventory.h">
      <Filter>Header Files\Game</Filter>
    </ClInclude>
    <ClInclude Include="Leaderboards.h">
      <Filter>Header Files\Game</Filter>
    </ClInclude>
    <ClInclude Include="Lobby.h">
      <Filter>Header Files\Game</Filter>
    </ClInclude>
    <ClInclude Include="MainMenu.h">
      <Filter>Header Files\Game</Filter>
    </ClInclude>
    <ClInclude Include="Messages.h">
      <Filter>Header Files\Game</Filter>
    </ClInclude>
    <ClInclude Include="musicplayer.h">
      <Filter>Header Files\Game</Filter>
    </ClInclude>
    <ClInclude Include="p2pauth.h">
      <Filter>Header Files\Game</Filter>
    </ClInclude>
    <ClInclude Include="PhotonBeam.h">
      <Filter>Header Files\Game</Filter>
    </ClInclude>
    <ClInclude Include="QuitMenu.h">
      <Filter>Header Files\Game</Filter>
    </ClInclude>
    <ClInclude Include="RemotePlay.h">
      <Filter>Header Files\Game</Filter>
    </ClInclude>
    <ClInclude Include="RemoteStorage.h">
      <Filter>Header Files\Game</Filter>
    </ClInclude>
    <ClInclude Include="ServerBrowser.h">
      <Filter>Header Files\Game</Filter>
    </ClInclude>
    <ClInclude Include="ServerBrowserMenu.h">
      <Filter>Header Files\Game</Filter>
    </ClInclude>
    <ClInclude Include="Ship.h">
      <Filter>Header Files\Game</Filter>
    </ClInclude>
    <ClInclude Include="SpaceWar.h">
      <Filter>Header Files\Game</Filter>
    </ClInclude>
    <ClInclude Include="SpaceWarClient.h">
      <Filter>Header Files\Game</Filter>
    </ClInclude>
    <ClInclude Include="SpaceWarEntity.h">
      <Filter>Header Files\Game</Filter>
    </ClInclude>
    <ClInclude Include="SpaceWarServer.h">
      <Filter>Header Files\Game</Filter>
    </ClInclude>
    <ClInclude Include="StarField.h">
      <Filter>Header Files\Game</Filter>
    </ClInclude>
    <ClInclude Include="StatsAndAchievements.h">
      <Filter>Header Files\Game</Filter>
    </ClInclude>
    <ClInclude Include="Sun.h">
      <Filter>Header Files\Game</Filter>
    </ClInclude>
    <ClInclude Include="voicechat.h">
      <Filter>Header Files\Game</Filter>
    </ClInclude>
    <ClInclude Include="ItemStore.h">
      <Filter>Header Files\Game</Filter>
    </ClInclude>
  </ItemGroup>
</Project>